
Microsoft Visual Studio Solution File, Format Version 12.00
# Visual Studio Version 17
VisualStudioVersion = 17.6.33723.286
MinimumVisualStudioVersion = 10.0.40219.1
Project("{FAE04EC0-301F-11D3-BF4B-00C04F79EFBC}") = "chatApi", "chatApi\chatApi.csproj", "{072A7B50-2F4C-4B5B-80FE-E562BEF24F70}"
EndProject
Global
	GlobalSection(SolutionConfigurationPlatforms) = preSolution
		Debug|Any CPU = Debug|Any CPU
		Release|Any CPU = Release|Any CPU
	EndGlobalSection
	GlobalSection(ProjectConfigurationPlatforms) = postSolution
		{072A7B50-2F4C-4B5B-80FE-E562BEF24F70}.Debug|Any CPU.ActiveCfg = Debug|Any CPU
		{072A7B50-2F4C-4B5B-80FE-E562BEF24F70}.Debug|Any CPU.Build.0 = Debug|Any CPU
		{072A7B50-2F4C-4B5B-80FE-E562BEF24F70}.Release|Any CPU.ActiveCfg = Release|Any CPU
		{072A7B50-2F4C-4B5B-80FE-E562BEF24F70}.Release|Any CPU.Build.0 = Release|Any CPU
	EndGlobalSection
	GlobalSection(SolutionProperties) = preSolution
		HideSolutionNode = FALSE
	EndGlobalSection
	GlobalSection(ExtensibilityGlobals) = postSolution
		SolutionGuid = {BD5518BC-ADEB-4B0A-B885-DC0B9EC03976}
	EndGlobalSection
EndGlobal
